// !$*UTF8*$!
{
	archiveVersion = 1;
	classes = {
	};
	objectVersion = 50;
	objects = {

/* Begin PBXBuildFile section */
		841F66F7230530BD0065A603 /* AppDelegate.m in Sources */ = {isa = PBXBuildFile; fileRef = 841F66F6230530BD0065A603 /* AppDelegate.m */; };
		841F66FA230530BD0065A603 /* ViewController.m in Sources */ = {isa = PBXBuildFile; fileRef = 841F66F9230530BD0065A603 /* ViewController.m */; };
		841F66FD230530BD0065A603 /* Main.storyboard in Resources */ = {isa = PBXBuildFile; fileRef = 841F66FB230530BD0065A603 /* Main.storyboard */; };
		841F66FF230530BE0065A603 /* Assets.xcassets in Resources */ = {isa = PBXBuildFile; fileRef = 841F66FE230530BE0065A603 /* Assets.xcassets */; };
		841F6702230530BE0065A603 /* LaunchScreen.storyboard in Resources */ = {isa = PBXBuildFile; fileRef = 841F6700230530BE0065A603 /* LaunchScreen.storyboard */; };
		841F6705230530BE0065A603 /* main.m in Sources */ = {isa = PBXBuildFile; fileRef = 841F6704230530BE0065A603 /* main.m */; };
		841F670F230530BE0065A603 /* carthtestTests.m in Sources */ = {isa = PBXBuildFile; fileRef = 841F670E230530BE0065A603 /* carthtestTests.m */; };
		841F671A230530BF0065A603 /* carthtestUITests.m in Sources */ = {isa = PBXBuildFile; fileRef = 841F6719230530BF0065A603 /* carthtestUITests.m */; };
		841F6735230530FB0065A603 /* new.framework in Frameworks */ = {isa = PBXBuildFile; fileRef = 841F672C230530FB0065A603 /* new.framework */; };
		841F673C230530FB0065A603 /* newTests.m in Sources */ = {isa = PBXBuildFile; fileRef = 841F673B230530FB0065A603 /* newTests.m */; };
		841F673E230530FB0065A603 /* new.h in Headers */ = {isa = PBXBuildFile; fileRef = 841F672E230530FB0065A603 /* new.h */; settings = {ATTRIBUTES = (Public, ); }; };
		841F6741230530FB0065A603 /* new.framework in Frameworks */ = {isa = PBXBuildFile; fileRef = 841F672C230530FB0065A603 /* new.framework */; };
		841F6742230530FB0065A603 /* new.framework in Embed Frameworks */ = {isa = PBXBuildFile; fileRef = 841F672C230530FB0065A603 /* new.framework */; settings = {ATTRIBUTES = (CodeSignOnCopy, RemoveHeadersOnCopy, ); }; };
		841F674B2305337D0065A603 /* main.m in Sources */ = {isa = PBXBuildFile; fileRef = 841F674A2305337D0065A603 /* main.m */; };
/* End PBXBuildFile section */

/* Begin PBXContainerItemProxy section */
		841F670B230530BE0065A603 /* PBXContainerItemProxy */ = {
			isa = PBXContainerItemProxy;
			containerPortal = 841F66EA230530BD0065A603 /* Project object */;
			proxyType = 1;
			remoteGlobalIDString = 841F66F1230530BD0065A603;
			remoteInfo = carthtest;
		};
		841F6716230530BF0065A603 /* PBXContainerItemProxy */ = {
			isa = PBXContainerItemProxy;
			containerPortal = 841F66EA230530BD0065A603 /* Project object */;
			proxyType = 1;
			remoteGlobalIDString = 841F66F1230530BD0065A603;
			remoteInfo = carthtest;
		};
		841F6736230530FB0065A603 /* PBXContainerItemProxy */ = {
			isa = PBXContainerItemProxy;
			containerPortal = 841F66EA230530BD0065A603 /* Project object */;
			proxyType = 1;
			remoteGlobalIDString = 841F672B230530FB0065A603;
			remoteInfo = new;
		};
		841F6738230530FB0065A603 /* PBXContainerItemProxy */ = {
			isa = PBXContainerItemProxy;
			containerPortal = 841F66EA230530BD0065A603 /* Project object */;
			proxyType = 1;
			remoteGlobalIDString = 841F66F1230530BD0065A603;
			remoteInfo = carthtest;
		};
		841F673F230530FB0065A603 /* PBXContainerItemProxy */ = {
			isa = PBXContainerItemProxy;
			containerPortal = 841F66EA230530BD0065A603 /* Project object */;
			proxyType = 1;
			remoteGlobalIDString = 841F672B230530FB0065A603;
			remoteInfo = new;
		};
/* End PBXContainerItemProxy section */

/* Begin PBXCopyFilesBuildPhase section */
		841F6746230530FB0065A603 /* Embed Frameworks */ = {
			isa = PBXCopyFilesBuildPhase;
			buildActionMask = 2147483647;
			dstPath = "";
			dstSubfolderSpec = 10;
			files = (
				841F6742230530FB0065A603 /* new.framework in Embed Frameworks */,
			);
			name = "Embed Frameworks";
			runOnlyForDeploymentPostprocessing = 0;
		};
/* End PBXCopyFilesBuildPhase section */

/* Begin PBXFileReference section */
		841F66F2230530BD0065A603 /* carthtest.app */ = {isa = PBXFileReference; explicitFileType = wrapper.application; includeInIndex = 0; path = carthtest.app; sourceTree = BUILT_PRODUCTS_DIR; };
		841F66F5230530BD0065A603 /* AppDelegate.h */ = {isa = PBXFileReference; lastKnownFileType = sourcecode.c.h; path = AppDelegate.h; sourceTree = "<group>"; };
		841F66F6230530BD0065A603 /* AppDelegate.m */ = {isa = PBXFileReference; lastKnownFileType = sourcecode.c.objc; path = AppDelegate.m; sourceTree = "<group>"; };
		841F66F8230530BD0065A603 /* ViewController.h */ = {isa = PBXFileReference; lastKnownFileType = sourcecode.c.h; path = ViewController.h; sourceTree = "<group>"; };
		841F66F9230530BD0065A603 /* ViewController.m */ = {isa = PBXFileReference; lastKnownFileType = sourcecode.c.objc; path = ViewController.m; sourceTree = "<group>"; };
		841F66FC230530BD0065A603 /* Base */ = {isa = PBXFileReference; lastKnownFileType = file.storyboard; name = Base; path = Base.lproj/Main.storyboard; sourceTree = "<group>"; };
		841F66FE230530BE0065A603 /* Assets.xcassets */ = {isa = PBXFileReference; lastKnownFileType = folder.assetcatalog; path = Assets.xcassets; sourceTree = "<group>"; };
		841F6701230530BE0065A603 /* Base */ = {isa = PBXFileReference; lastKnownFileType = file.storyboard; name = Base; path = Base.lproj/LaunchScreen.storyboard; sourceTree = "<group>"; };
		841F6703230530BE0065A603 /* Info.plist */ = {isa = PBXFileReference; lastKnownFileType = text.plist.xml; path = Info.plist; sourceTree = "<group>"; };
		841F6704230530BE0065A603 /* main.m */ = {isa = PBXFileReference; lastKnownFileType = sourcecode.c.objc; path = main.m; sourceTree = "<group>"; };
		841F670A230530BE0065A603 /* carthtestTests.xctest */ = {isa = PBXFileReference; explicitFileType = wrapper.cfbundle; includeInIndex = 0; path = carthtestTests.xctest; sourceTree = BUILT_PRODUCTS_DIR; };
		841F670E230530BE0065A603 /* carthtestTests.m */ = {isa = PBXFileReference; lastKnownFileType = sourcecode.c.objc; path = carthtestTests.m; sourceTree = "<group>"; };
		841F6710230530BF0065A603 /* Info.plist */ = {isa = PBXFileReference; lastKnownFileType = text.plist.xml; path = Info.plist; sourceTree = "<group>"; };
		841F6715230530BF0065A603 /* carthtestUITests.xctest */ = {isa = PBXFileReference; explicitFileType = wrapper.cfbundle; includeInIndex = 0; path = carthtestUITests.xctest; sourceTree = BUILT_PRODUCTS_DIR; };
		841F6719230530BF0065A603 /* carthtestUITests.m */ = {isa = PBXFileReference; lastKnownFileType = sourcecode.c.objc; path = carthtestUITests.m; sourceTree = "<group>"; };
		841F671B230530BF0065A603 /* Info.plist */ = {isa = PBXFileReference; lastKnownFileType = text.plist.xml; path = Info.plist; sourceTree = "<group>"; };
		841F672C230530FB0065A603 /* new.framework */ = {isa = PBXFileReference; explicitFileType = wrapper.framework; includeInIndex = 0; path = new.framework; sourceTree = BUILT_PRODUCTS_DIR; };
		841F672E230530FB0065A603 /* new.h */ = {isa = PBXFileReference; lastKnownFileType = sourcecode.c.h; path = new.h; sourceTree = "<group>"; };
		841F672F230530FB0065A603 /* Info.plist */ = {isa = PBXFileReference; lastKnownFileType = text.plist.xml; path = Info.plist; sourceTree = "<group>"; };
		841F6734230530FB0065A603 /* newTests.xctest */ = {isa = PBXFileReference; explicitFileType = wrapper.cfbundle; includeInIndex = 0; path = newTests.xctest; sourceTree = BUILT_PRODUCTS_DIR; };
		841F673B230530FB0065A603 /* newTests.m */ = {isa = PBXFileReference; lastKnownFileType = sourcecode.c.objc; path = newTests.m; sourceTree = "<group>"; };
		841F673D230530FB0065A603 /* Info.plist */ = {isa = PBXFileReference; lastKnownFileType = text.plist.xml; path = Info.plist; sourceTree = "<group>"; };
		841F674A2305337D0065A603 /* main.m */ = {isa = PBXFileReference; lastKnownFileType = sourcecode.c.objc; name = main.m; path = "../需要材料/main.m"; sourceTree = "<group>"; };
/* End PBXFileReference section */

/* Begin PBXFrameworksBuildPhase section */
		841F66EF230530BD0065A603 /* Frameworks */ = {
			isa = PBXFrameworksBuildPhase;
			buildActionMask = 2147483647;
			files = (
				841F6741230530FB0065A603 /* new.framework in Frameworks */,
			);
			runOnlyForDeploymentPostprocessing = 0;
		};
		841F6707230530BE0065A603 /* Frameworks */ = {
			isa = PBXFrameworksBuildPhase;
			buildActionMask = 2147483647;
			files = (
			);
			runOnlyForDeploymentPostprocessing = 0;
		};
		841F6712230530BF0065A603 /* Frameworks */ = {
			isa = PBXFrameworksBuildPhase;
			buildActionMask = 2147483647;
			files = (
			);
			runOnlyForDeploymentPostprocessing = 0;
		};
		841F6728230530FB0065A603 /* Frameworks */ = {
			isa = PBXFrameworksBuildPhase;
			buildActionMask = 2147483647;
			files = (
			);
			runOnlyForDeploymentPostprocessing = 0;
		};
		841F6731230530FB0065A603 /* Frameworks */ = {
			isa = PBXFrameworksBuildPhase;
			buildActionMask = 2147483647;
			files = (
				841F6735230530FB0065A603 /* new.framework in Frameworks */,
			);
			runOnlyForDeploymentPostprocessing = 0;
		};
/* End PBXFrameworksBuildPhase section */

/* Begin PBXGroup section */
		841F66E9230530BD0065A603 = {
			isa = PBXGroup;
			children = (
				841F674A2305337D0065A603 /* main.m */,
				841F66F4230530BD0065A603 /* carthtest */,
				841F670D230530BE0065A603 /* carthtestTests */,
				841F6718230530BF0065A603 /* carthtestUITests */,
				841F672D230530FB0065A603 /* new */,
				841F673A230530FB0065A603 /* newTests */,
				841F66F3230530BD0065A603 /* Products */,
			);
			sourceTree = "<group>";
		};
		841F66F3230530BD0065A603 /* Products */ = {
			isa = PBXGroup;
			children = (
				841F66F2230530BD0065A603 /* carthtest.app */,
				841F670A230530BE0065A603 /* carthtestTests.xctest */,
				841F6715230530BF0065A603 /* carthtestUITests.xctest */,
				841F672C230530FB0065A603 /* new.framework */,
				841F6734230530FB0065A603 /* newTests.xctest */,
			);
			name = Products;
			sourceTree = "<group>";
		};
		841F66F4230530BD0065A603 /* carthtest */ = {
			isa = PBXGroup;
			children = (
				841F66F5230530BD0065A603 /* AppDelegate.h */,
				841F66F6230530BD0065A603 /* AppDelegate.m */,
				841F66F8230530BD0065A603 /* ViewController.h */,
				841F66F9230530BD0065A603 /* ViewController.m */,
				841F66FB230530BD0065A603 /* Main.storyboard */,
				841F66FE230530BE0065A603 /* Assets.xcassets */,
				841F6700230530BE0065A603 /* LaunchScreen.storyboard */,
				841F6703230530BE0065A603 /* Info.plist */,
				841F6704230530BE0065A603 /* main.m */,
			);
			path = carthtest;
			sourceTree = "<group>";
		};
		841F670D230530BE0065A603 /* carthtestTests */ = {
			isa = PBXGroup;
			children = (
				841F670E230530BE0065A603 /* carthtestTests.m */,
				841F6710230530BF0065A603 /* Info.plist */,
			);
			path = carthtestTests;
			sourceTree = "<group>";
		};
		841F6718230530BF0065A603 /* carthtestUITests */ = {
			isa = PBXGroup;
			children = (
				841F6719230530BF0065A603 /* carthtestUITests.m */,
				841F671B230530BF0065A603 /* Info.plist */,
			);
			path = carthtestUITests;
			sourceTree = "<group>";
		};
		841F672D230530FB0065A603 /* new */ = {
			isa = PBXGroup;
			children = (
				841F672E230530FB0065A603 /* new.h */,
				841F672F230530FB0065A603 /* Info.plist */,
			);
			path = new;
			sourceTree = "<group>";
		};
		841F673A230530FB0065A603 /* newTests */ = {
			isa = PBXGroup;
			children = (
				841F673B230530FB0065A603 /* newTests.m */,
				841F673D230530FB0065A603 /* Info.plist */,
			);
			path = newTests;
			sourceTree = "<group>";
		};
/* End PBXGroup section */

/* Begin PBXHeadersBuildPhase section */
		841F6729230530FB0065A603 /* Headers */ = {
			isa = PBXHeadersBuildPhase;
			buildActionMask = 2147483647;
			files = (
				841F673E230530FB0065A603 /* new.h in Headers */,
			);
			runOnlyForDeploymentPostprocessing = 0;
		};
/* End PBXHeadersBuildPhase section */

/* Begin PBXNativeTarget section */
		841F66F1230530BD0065A603 /* carthtest */ = {
			isa = PBXNativeTarget;
			buildConfigurationList = 841F671E230530BF0065A603 /* Build configuration list for PBXNativeTarget "carthtest" */;
			buildPhases = (
				841F66EE230530BD0065A603 /* Sources */,
				841F66EF230530BD0065A603 /* Frameworks */,
				841F66F0230530BD0065A603 /* Resources */,
				841F6746230530FB0065A603 /* Embed Frameworks */,
			);
			buildRules = (
			);
			dependencies = (
				841F6740230530FB0065A603 /* PBXTargetDependency */,
			);
			name = carthtest;
			productName = carthtest;
			productReference = 841F66F2230530BD0065A603 /* carthtest.app */;
			productType = "com.apple.product-type.application";
		};
		841F6709230530BE0065A603 /* carthtestTests */ = {
			isa = PBXNativeTarget;
			buildConfigurationList = 841F6721230530BF0065A603 /* Build configuration list for PBXNativeTarget "carthtestTests" */;
			buildPhases = (
				841F6706230530BE0065A603 /* Sources */,
				841F6707230530BE0065A603 /* Frameworks */,
				841F6708230530BE0065A603 /* Resources */,
			);
			buildRules = (
			);
			dependencies = (
				841F670C230530BE0065A603 /* PBXTargetDependency */,
			);
			name = carthtestTests;
			productName = carthtestTests;
			productReference = 841F670A230530BE0065A603 /* carthtestTests.xctest */;
			productType = "com.apple.product-type.bundle.unit-test";
		};
		841F6714230530BF0065A603 /* carthtestUITests */ = {
			isa = PBXNativeTarget;
			buildConfigurationList = 841F6724230530BF0065A603 /* Build configuration list for PBXNativeTarget "carthtestUITests" */;
			buildPhases = (
				841F6711230530BF0065A603 /* Sources */,
				841F6712230530BF0065A603 /* Frameworks */,
				841F6713230530BF0065A603 /* Resources */,
			);
			buildRules = (
			);
			dependencies = (
				841F6717230530BF0065A603 /* PBXTargetDependency */,
			);
			name = carthtestUITests;
			productName = carthtestUITests;
			productReference = 841F6715230530BF0065A603 /* carthtestUITests.xctest */;
			productType = "com.apple.product-type.bundle.ui-testing";
		};
		841F672B230530FB0065A603 /* new */ = {
			isa = PBXNativeTarget;
			buildConfigurationList = 841F6743230530FB0065A603 /* Build configuration list for PBXNativeTarget "new" */;
			buildPhases = (
				841F6727230530FB0065A603 /* Sources */,
				841F6728230530FB0065A603 /* Frameworks */,
				841F6729230530FB0065A603 /* Headers */,
				841F672A230530FB0065A603 /* Resources */,
			);
			buildRules = (
			);
			dependencies = (
			);
			name = new;
			productName = new;
			productReference = 841F672C230530FB0065A603 /* new.framework */;
			productType = "com.apple.product-type.framework";
		};
		841F6733230530FB0065A603 /* newTests */ = {
			isa = PBXNativeTarget;
			buildConfigurationList = 841F6747230530FB0065A603 /* Build configuration list for PBXNativeTarget "newTests" */;
			buildPhases = (
				841F6730230530FB0065A603 /* Sources */,
				841F6731230530FB0065A603 /* Frameworks */,
				841F6732230530FB0065A603 /* Resources */,
			);
			buildRules = (
			);
			dependencies = (
				841F6737230530FB0065A603 /* PBXTargetDependency */,
				841F6739230530FB0065A603 /* PBXTargetDependency */,
			);
			name = newTests;
			productName = newTests;
			productReference = 841F6734230530FB0065A603 /* newTests.xctest */;
			productType = "com.apple.product-type.bundle.unit-test";
		};
/* End PBXNativeTarget section */

/* Begin PBXProject section */
		841F66EA230530BD0065A603 /* Project object */ = {
			isa = PBXProject;
			attributes = {
				LastUpgradeCheck = 0940;
				ORGANIZATIONNAME = admin;
				TargetAttributes = {
					841F66F1230530BD0065A603 = {
						CreatedOnToolsVersion = 9.4.1;
					};
					841F6709230530BE0065A603 = {
						CreatedOnToolsVersion = 9.4.1;
						TestTargetID = 841F66F1230530BD0065A603;
					};
					841F6714230530BF0065A603 = {
						CreatedOnToolsVersion = 9.4.1;
						TestTargetID = 841F66F1230530BD0065A603;
					};
					841F672B230530FB0065A603 = {
						CreatedOnToolsVersion = 9.4.1;
					};
					841F6733230530FB0065A603 = {
						CreatedOnToolsVersion = 9.4.1;
						TestTargetID = 841F66F1230530BD0065A603;
					};
				};
			};
			buildConfigurationList = 841F66ED230530BD0065A603 /* Build configuration list for PBXProject "carthtest" */;
			compatibilityVersion = "Xcode 9.3";
			developmentRegion = en;
			hasScannedForEncodings = 0;
			knownRegions = (
				en,
				Base,
			);
			mainGroup = 841F66E9230530BD0065A603;
			productRefGroup = 841F66F3230530BD0065A603 /* Products */;
			projectDirPath = "";
			projectRoot = "";
			targets = (
				841F66F1230530BD0065A603 /* carthtest */,
				841F6709230530BE0065A603 /* carthtestTests */,
				841F6714230530BF0065A603 /* carthtestUITests */,
				841F672B230530FB0065A603 /* new */,
				841F6733230530FB0065A603 /* newTests */,
			);
		};
/* End PBXProject section */

/* Begin PBXResourcesBuildPhase section */
		841F66F0230530BD0065A603 /* Resources */ = {
			isa = PBXResourcesBuildPhase;
			buildActionMask = 2147483647;
			files = (
				841F6702230530BE0065A603 /* LaunchScreen.storyboard in Resources */,
				841F66FF230530BE0065A603 /* Assets.xcassets in Resources */,
				841F66FD230530BD0065A603 /* Main.storyboard in Resources */,
			);
			runOnlyForDeploymentPostprocessing = 0;
		};
		841F6708230530BE0065A603 /* Resources */ = {
			isa = PBXResourcesBuildPhase;
			buildActionMask = 2147483647;
			files = (
			);
			runOnlyForDeploymentPostprocessing = 0;
		};
		841F6713230530BF0065A603 /* Resources */ = {
			isa = PBXResourcesBuildPhase;
			buildActionMask = 2147483647;
			files = (
			);
			runOnlyForDeploymentPostprocessing = 0;
		};
		841F672A230530FB0065A603 /* Resources */ = {
			isa = PBXResourcesBuildPhase;
			buildActionMask = 2147483647;
			files = (
			);
			runOnlyForDeploymentPostprocessing = 0;
		};
		841F6732230530FB0065A603 /* Resources */ = {
			isa = PBXResourcesBuildPhase;
			buildActionMask = 2147483647;
			files = (
			);
			runOnlyForDeploymentPostprocessing = 0;
		};
/* End PBXResourcesBuildPhase section */

/* Begin PBXSourcesBuildPhase section */
		841F66EE230530BD0065A603 /* Sources */ = {
			isa = PBXSourcesBuildPhase;
			buildActionMask = 2147483647;
			files = (
				841F66FA230530BD0065A603 /* ViewController.m in Sources */,
				841F6705230530BE0065A603 /* main.m in Sources */,
				841F66F7230530BD0065A603 /* AppDelegate.m in Sources */,
			);
			runOnlyForDeploymentPostprocessing = 0;
		};
		841F6706230530BE0065A603 /* Sources */ = {
			isa = PBXSourcesBuildPhase;
			buildActionMask = 2147483647;
			files = (
				841F670F230530BE0065A603 /* carthtestTests.m in Sources */,
			);
			runOnlyForDeploymentPostprocessing = 0;
		};
		841F6711230530BF0065A603 /* Sources */ = {
			isa = PBXSourcesBuildPhase;
			buildActionMask = 2147483647;
			files = (
				841F671A230530BF0065A603 /* carthtestUITests.m in Sources */,
			);
			runOnlyForDeploymentPostprocessing = 0;
		};
		841F6727230530FB0065A603 /* Sources */ = {
			isa = PBXSourcesBuildPhase;
			buildActionMask = 2147483647;
			files = (
			);
			runOnlyForDeploymentPostprocessing = 0;
		};
		841F6730230530FB0065A603 /* Sources */ = {
			isa = PBXSourcesBuildPhase;
			buildActionMask = 2147483647;
			files = (
				841F673C230530FB0065A603 /* newTests.m in Sources */,
				841F674B2305337D0065A603 /* main.m in Sources */,
			);
			runOnlyForDeploymentPostprocessing = 0;
		};
/* End PBXSourcesBuildPhase section */

/* Begin PBXTargetDependency section */
		841F670C230530BE0065A603 /* PBXTargetDependency */ = {
			isa = PBXTargetDependency;
			target = 841F66F1230530BD0065A603 /* carthtest */;
			targetProxy = 841F670B230530BE0065A603 /* PBXContainerItemProxy */;
		};
		841F6717230530BF0065A603 /* PBXTargetDependency */ = {
			isa = PBXTargetDependency;
			target = 841F66F1230530BD0065A603 /* carthtest */;
			targetProxy = 841F6716230530BF0065A603 /* PBXContainerItemProxy */;
		};
		841F6737230530FB0065A603 /* PBXTargetDependency */ = {
			isa = PBXTargetDependency;
			target = 841F672B230530FB0065A603 /* new */;
			targetProxy = 841F6736230530FB0065A603 /* PBXContainerItemProxy */;
		};
		841F6739230530FB0065A603 /* PBXTargetDependency */ = {
			isa = PBXTargetDependency;
			target = 841F66F1230530BD0065A603 /* carthtest */;
			targetProxy = 841F6738230530FB0065A603 /* PBXContainerItemProxy */;
		};
		841F6740230530FB0065A603 /* PBXTargetDependency */ = {
			isa = PBXTargetDependency;
			target = 841F672B230530FB0065A603 /* new */;
			targetProxy = 841F673F230530FB0065A603 /* PBXContainerItemProxy */;
		};
/* End PBXTargetDependency section */

/* Begin PBXVariantGroup section */
		841F66FB230530BD0065A603 /* Main.storyboard */ = {
			isa = PBXVariantGroup;
			children = (
				841F66FC230530BD0065A603 /* Base */,
			);
			name = Main.storyboard;
			sourceTree = "<group>";
		};
		841F6700230530BE0065A603 /* LaunchScreen.storyboard */ = {
			isa = PBXVariantGroup;
			children = (
				841F6701230530BE0065A603 /* Base */,
			);
			name = LaunchScreen.storyboard;
			sourceTree = "<group>";
		};
/* End PBXVariantGroup section */

/* Begin XCBuildConfiguration section */
		841F671C230530BF0065A603 /* Debug */ = {
			isa = XCBuildConfiguration;
			buildSettings = {
				ALWAYS_SEARCH_USER_PATHS = NO;
				CLANG_ANALYZER_NONNULL = YES;
				CLANG_ANALYZER_NUMBER_OBJECT_CONVERSION = YES_AGGRESSIVE;
				CLANG_CXX_LANGUAGE_STANDARD = "gnu++14";
				CLANG_CXX_LIBRARY = "libc++";
				CLANG_ENABLE_MODULES = YES;
				CLANG_ENABLE_OBJC_ARC = YES;
				CLANG_ENABLE_OBJC_WEAK = YES;
				CLANG_WARN_BLOCK_CAPTURE_AUTORELEASING = YES;
				CLANG_WARN_BOOL_CONVERSION = YES;
				CLANG_WARN_COMMA = YES;
				CLANG_WARN_CONSTANT_CONVERSION = YES;
				CLANG_WARN_DEPRECATED_OBJC_IMPLEMENTATIONS = YES;
				CLANG_WARN_DIRECT_OBJC_ISA_USAGE = YES_ERROR;
				CLANG_WARN_DOCUMENTATION_COMMENTS = YES;
				CLANG_WARN_EMPTY_BODY = YES;
				CLANG_WARN_ENUM_CONVERSION = YES;
				CLANG_WARN_INFINITE_RECURSION = YES;
				CLANG_WARN_INT_CONVERSION = YES;
				CLANG_WARN_NON_LITERAL_NULL_CONVERSION = YES;
				CLANG_WARN_OBJC_IMPLICIT_RETAIN_SELF = YES;
				CLANG_WARN_OBJC_LITERAL_CONVERSION = YES;
				CLANG_WARN_OBJC_ROOT_CLASS = YES_ERROR;
				CLANG_WARN_RANGE_LOOP_ANALYSIS = YES;
				CLANG_WARN_STRICT_PROTOTYPES = YES;
				CLANG_WARN_SUSPICIOUS_MOVE = YES;
				CLANG_WARN_UNGUARDED_AVAILABILITY = YES_AGGRESSIVE;
				CLANG_WARN_UNREACHABLE_CODE = YES;
				CLANG_WARN__DUPLICATE_METHOD_MATCH = YES;
				CODE_SIGN_IDENTITY = "iPhone Developer";
				COPY_PHASE_STRIP = NO;
				DEBUG_INFORMATION_FORMAT = dwarf;
				ENABLE_STRICT_OBJC_MSGSEND = YES;
				ENABLE_TESTABILITY = YES;
				GCC_C_LANGUAGE_STANDARD = gnu11;
				GCC_DYNAMIC_NO_PIC = NO;
				GCC_NO_COMMON_BLOCKS = YES;
				GCC_OPTIMIZATION_LEVEL = 0;
				GCC_PREPROCESSOR_DEFINITIONS = (
					"DEBUG=1",
					"$(inherited)",
				);
				GCC_WARN_64_TO_32_BIT_CONVERSION = YES;
				GCC_WARN_ABOUT_RETURN_TYPE = YES_ERROR;
				GCC_WARN_UNDECLARED_SELECTOR = YES;
				GCC_WARN_UNINITIALIZED_AUTOS = YES_AGGRESSIVE;
				GCC_WARN_UNUSED_FUNCTION = YES;
				GCC_WARN_UNUSED_VARIABLE = YES;
				IPHONEOS_DEPLOYMENT_TARGET = 11.4;
				MTL_ENABLE_DEBUG_INFO = YES;
				ONLY_ACTIVE_ARCH = YES;
				SDKROOT = iphoneos;
			};
			name = Debug;
		};
		841F671D230530BF0065A603 /* Release */ = {
			isa = XCBuildConfiguration;
			buildSettings = {
				ALWAYS_SEARCH_USER_PATHS = NO;
				CLANG_ANALYZER_NONNULL = YES;
				CLANG_ANALYZER_NUMBER_OBJECT_CONVERSION = YES_AGGRESSIVE;
				CLANG_CXX_LANGUAGE_STANDARD = "gnu++14";
				CLANG_CXX_LIBRARY = "libc++";
				CLANG_ENABLE_MODULES = YES;
				CLANG_ENABLE_OBJC_ARC = YES;
				CLANG_ENABLE_OBJC_WEAK = YES;
				CLANG_WARN_BLOCK_CAPTURE_AUTORELEASING = YES;
				CLANG_WARN_BOOL_CONVERSION = YES;
				CLANG_WARN_COMMA = YES;
				CLANG_WARN_CONSTANT_CONVERSION = YES;
				CLANG_WARN_DEPRECATED_OBJC_IMPLEMENTATIONS = YES;
				CLANG_WARN_DIRECT_OBJC_ISA_USAGE = YES_ERROR;
				CLANG_WARN_DOCUMENTATION_COMMENTS = YES;
				CLANG_WARN_EMPTY_BODY = YES;
				CLANG_WARN_ENUM_CONVERSION = YES;
				CLANG_WARN_INFINITE_RECURSION = YES;
				CLANG_WARN_INT_CONVERSION = YES;
				CLANG_WARN_NON_LITERAL_NULL_CONVERSION = YES;
				CLANG_WARN_OBJC_IMPLICIT_RETAIN_SELF = YES;
				CLANG_WARN_OBJC_LITERAL_CONVERSION = YES;
				CLANG_WARN_OBJC_ROOT_CLASS = YES_ERROR;
				CLANG_WARN_RANGE_LOOP_ANALYSIS = YES;
				CLANG_WARN_STRICT_PROTOTYPES = YES;
				CLANG_WARN_SUSPICIOUS_MOVE = YES;
				CLANG_WARN_UNGUARDED_AVAILABILITY = YES_AGGRESSIVE;
				CLANG_WARN_UNREACHABLE_CODE = YES;
				CLANG_WARN__DUPLICATE_METHOD_MATCH = YES;
				CODE_SIGN_IDENTITY = "iPhone Developer";
				COPY_PHASE_STRIP = NO;
				DEBUG_INFORMATION_FORMAT = "dwarf-with-dsym";
				ENABLE_NS_ASSERTIONS = NO;
				ENABLE_STRICT_OBJC_MSGSEND = YES;
				GCC_C_LANGUAGE_STANDARD = gnu11;
				GCC_NO_COMMON_BLOCKS = YES;
				GCC_WARN_64_TO_32_BIT_CONVERSION = YES;
				GCC_WARN_ABOUT_RETURN_TYPE = YES_ERROR;
				GCC_WARN_UNDECLARED_SELECTOR = YES;
				GCC_WARN_UNINITIALIZED_AUTOS = YES_AGGRESSIVE;
				GCC_WARN_UNUSED_FUNCTION = YES;
				GCC_WARN_UNUSED_VARIABLE = YES;
				IPHONEOS_DEPLOYMENT_TARGET = 11.4;
				MTL_ENABLE_DEBUG_INFO = NO;
				SDKROOT = iphoneos;
				VALIDATE_PRODUCT = YES;
			};
			name = Release;
		};
		841F671F230530BF0065A603 /* Debug */ = {
			isa = XCBuildConfiguration;
			buildSettings = {
				ASSETCATALOG_COMPILER_APPICON_NAME = AppIcon;
				CODE_SIGN_STYLE = Automatic;
				DEVELOPMENT_TEAM = 299MFJ63GP;
				INFOPLIST_FILE = carthtest/Info.plist;
				LD_RUNPATH_SEARCH_PATHS = (
					"$(inherited)",
					"@executable_path/Frameworks",
				);
				PRODUCT_BUNDLE_IDENTIFIER = admin.carthtest;
				PRODUCT_NAME = "$(TARGET_NAME)";
				TARGETED_DEVICE_FAMILY = "1,2";
			};
			name = Debug;
		};
		841F6720230530BF0065A603 /* Release */ = {
			isa = XCBuildConfiguration;
			buildSettings = {
				ASSETCATALOG_COMPILER_APPICON_NAME = AppIcon;
				CODE_SIGN_STYLE = Automatic;
				DEVELOPMENT_TEAM = 299MFJ63GP;
				INFOPLIST_FILE = carthtest/Info.plist;
				LD_RUNPATH_SEARCH_PATHS = (
					"$(inherited)",
					"@executable_path/Frameworks",
				);
				PRODUCT_BUNDLE_IDENTIFIER = admin.carthtest;
				PRODUCT_NAME = "$(TARGET_NAME)";
				TARGETED_DEVICE_FAMILY = "1,2";
			};
			name = Release;
		};
		841F6722230530BF0065A603 /* Debug */ = {
			isa = XCBuildConfiguration;
			buildSettings = {
				BUNDLE_LOADER = "$(TEST_HOST)";
				CODE_SIGN_STYLE = Automatic;
				DEVELOPMENT_TEAM = 299MFJ63GP;
				INFOPLIST_FILE = carthtestTests/Info.plist;
				LD_RUNPATH_SEARCH_PATHS = (
					"$(inherited)",
					"@executable_path/Frameworks",
					"@loader_path/Frameworks",
				);
				PRODUCT_BUNDLE_IDENTIFIER = admin.carthtestTests;
				PRODUCT_NAME = "$(TARGET_NAME)";
				TARGETED_DEVICE_FAMILY = "1,2";
				TEST_HOST = "$(BUILT_PRODUCTS_DIR)/carthtest.app/carthtest";
			};
			name = Debug;
		};
		841F6723230530BF0065A603 /* Release */ = {
			isa = XCBuildConfiguration;
			buildSettings = {
				BUNDLE_LOADER = "$(TEST_HOST)";
				CODE_SIGN_STYLE = Automatic;
				DEVELOPMENT_TEAM = 299MFJ63GP;
				INFOPLIST_FILE = carthtestTests/Info.plist;
				LD_RUNPATH_SEARCH_PATHS = (
					"$(inherited)",
					"@executable_path/Frameworks",
					"@loader_path/Frameworks",
				);
				PRODUCT_BUNDLE_IDENTIFIER = admin.carthtestTests;
				PRODUCT_NAME = "$(TARGET_NAME)";
				TARGETED_DEVICE_FAMILY = "1,2";
				TEST_HOST = "$(BUILT_PRODUCTS_DIR)/carthtest.app/carthtest";
			};
			name = Release;
		};
		841F6725230530BF0065A603 /* Debug */ = {
			isa = XCBuildConfiguration;
			buildSettings = {
				CODE_SIGN_STYLE = Automatic;
				DEVELOPMENT_TEAM = 299MFJ63GP;
				INFOPLIST_FILE = carthtestUITests/Info.plist;
				LD_RUNPATH_SEARCH_PATHS = (
					"$(inherited)",
					"@executable_path/Frameworks",
					"@loader_path/Frameworks",
				);
				PRODUCT_BUNDLE_IDENTIFIER = admin.carthtestUITests;
				PRODUCT_NAME = "$(TARGET_NAME)";
				TARGETED_DEVICE_FAMILY = "1,2";
				TEST_TARGET_NAME = carthtest;
			};
			name = Debug;
		};
		841F6726230530BF0065A603 /* Release */ = {
			isa = XCBuildConfiguration;
			buildSettings = {
				CODE_SIGN_STYLE = Automatic;
				DEVELOPMENT_TEAM = 299MFJ63GP;
				INFOPLIST_FILE = carthtestUITests/Info.plist;
				LD_RUNPATH_SEARCH_PATHS = (
					"$(inherited)",
					"@executable_path/Frameworks",
					"@loader_path/Frameworks",
				);
				PRODUCT_BUNDLE_IDENTIFIER = admin.carthtestUITests;
				PRODUCT_NAME = "$(TARGET_NAME)";
				TARGETED_DEVICE_FAMILY = "1,2";
				TEST_TARGET_NAME = carthtest;
			};
			name = Release;
		};
		841F6744230530FB0065A603 /* Debug */ = {
			isa = XCBuildConfiguration;
			buildSettings = {
				CODE_SIGN_IDENTITY = "";
				CODE_SIGN_STYLE = Automatic;
				CURRENT_PROJECT_VERSION = 1;
				DEFINES_MODULE = YES;
				DEVELOPMENT_TEAM = 299MFJ63GP;
				DYLIB_COMPATIBILITY_VERSION = 1;
				DYLIB_CURRENT_VERSION = 1;
				DYLIB_INSTALL_NAME_BASE = "@rpath";
				INFOPLIST_FILE = new/Info.plist;
				INSTALL_PATH = "$(LOCAL_LIBRARY_DIR)/Frameworks";
				LD_RUNPATH_SEARCH_PATHS = (
					"$(inherited)",
					"@executable_path/Frameworks",
					"@loader_path/Frameworks",
				);
				OTHER_CFLAGS = "-fembed-bitcode";
				OTHER_LDFLAGS = "-all_load";
				PRODUCT_BUNDLE_IDENTIFIER = admin.new;
				PRODUCT_NAME = "$(TARGET_NAME:c99extidentifier)";
				SKIP_INSTALL = YES;
				TARGETED_DEVICE_FAMILY = "1,2";
				VERSIONING_SYSTEM = "apple-generic";
				VERSION_INFO_PREFIX = "";
			};
			name = Debug;
		};
		841F6745230530FB0065A603 /* Release */ = {
			isa = XCBuildConfiguration;
			buildSettings = {
				CODE_SIGN_IDENTITY = "";
				CODE_SIGN_STYLE = Automatic;
				CURRENT_PROJECT_VERSION = 1;
				DEFINES_MODULE = YES;
				DEVELOPMENT_TEAM = 299MFJ63GP;
				DYLIB_COMPATIBILITY_VERSION = 1;
				DYLIB_CURRENT_VERSION = 1;
				DYLIB_INSTALL_NAME_BASE = "@rpath";
				INFOPLIST_FILE = new/Info.plist;
				INSTALL_PATH = "$(LOCAL_LIBRARY_DIR)/Frameworks";
				LD_RUNPATH_SEARCH_PATHS = (
					"$(inherited)",
					"@executable_path/Frameworks",
					"@loader_path/Frameworks",
				);
				OTHER_CFLAGS = "-fembed-bitcode";
				OTHER_LDFLAGS = "-all_load";
				PRODUCT_BUNDLE_IDENTIFIER = admin.new;
				PRODUCT_NAME = "$(TARGET_NAME:c99extidentifier)";
				SKIP_INSTALL = YES;
				TARGETED_DEVICE_FAMILY = "1,2";
				VERSIONING_SYSTEM = "apple-generic";
				VERSION_INFO_PREFIX = "";
			};
			name = Release;
		};
		841F6748230530FB0065A603 /* Debug */ = {
			isa = XCBuildConfiguration;
			buildSettings = {
				CODE_SIGN_STYLE = Automatic;
				DEVELOPMENT_TEAM = 299MFJ63GP;
				INFOPLIST_FILE = newTests/Info.plist;
				LD_RUNPATH_SEARCH_PATHS = (
					"$(inherited)",
					"@executable_path/Frameworks",
					"@loader_path/Frameworks",
				);
				OTHER_CFLAGS = "-fembed-bitcode";
				OTHER_LDFLAGS = "-all_load";
				PRODUCT_BUNDLE_IDENTIFIER = admin.newTests;
				PRODUCT_NAME = "$(TARGET_NAME)";
				TARGETED_DEVICE_FAMILY = "1,2";
				TEST_HOST = "$(BUILT_PRODUCTS_DIR)/carthtest.app/carthtest";
			};
			name = Debug;
		};
		841F6749230530FB0065A603 /* Release */ = {
			isa = XCBuildConfiguration;
			buildSettings = {
				CODE_SIGN_STYLE = Automatic;
				DEVELOPMENT_TEAM = 299MFJ63GP;
				INFOPLIST_FILE = newTests/Info.plist;
				LD_RUNPATH_SEARCH_PATHS = (
					"$(inherited)",
					"@executable_path/Frameworks",
					"@loader_path/Frameworks",
				);
				OTHER_CFLAGS = "-fembed-bitcode";
				OTHER_LDFLAGS = "-all_load";
				PRODUCT_BUNDLE_IDENTIFIER = admin.newTests;
				PRODUCT_NAME = "$(TARGET_NAME)";
				TARGETED_DEVICE_FAMILY = "1,2";
				TEST_HOST = "$(BUILT_PRODUCTS_DIR)/carthtest.app/carthtest";
			};
			name = Release;
		};
/* End XCBuildConfiguration section */

/* Begin XCConfigurationList section */
		841F66ED230530BD0065A603 /* Build configuration list for PBXProject "carthtest" */ = {
			isa = XCConfigurationList;
			buildConfigurations = (
				841F671C230530BF0065A603 /* Debug */,
				841F671D230530BF0065A603 /* Release */,
			);
			defaultConfigurationIsVisible = 0;
			defaultConfigurationName = Release;
		};
		841F671E230530BF0065A603 /* Build configuration list for PBXNativeTarget "carthtest" */ = {
			isa = XCConfigurationList;
			buildConfigurations = (
				841F671F230530BF0065A603 /* Debug */,
				841F6720230530BF0065A603 /* Release */,
			);
			defaultConfigurationIsVisible = 0;
			defaultConfigurationName = Release;
		};
		841F6721230530BF0065A603 /* Build configuration list for PBXNativeTarget "carthtestTests" */ = {
			isa = XCConfigurationList;
			buildConfigurations = (
				841F6722230530BF0065A603 /* Debug */,
				841F6723230530BF0065A603 /* Release */,
			);
			defaultConfigurationIsVisible = 0;
			defaultConfigurationName = Release;
		};
		841F6724230530BF0065A603 /* Build configuration list for PBXNativeTarget "carthtestUITests" */ = {
			isa = XCConfigurationList;
			buildConfigurations = (
				841F6725230530BF0065A603 /* Debug */,
				841F6726230530BF0065A603 /* Release */,
			);
			defaultConfigurationIsVisible = 0;
			defaultConfigurationName = Release;
		};
		841F6743230530FB0065A603 /* Build configuration list for PBXNativeTarget "new" */ = {
			isa = XCConfigurationList;
			buildConfigurations = (
				841F6744230530FB0065A603 /* Debug */,
				841F6745230530FB0065A603 /* Release */,
			);
			defaultConfigurationIsVisible = 0;
			defaultConfigurationName = Release;
		};
		841F6747230530FB0065A603 /* Build configuration list for PBXNativeTarget "newTests" */ = {
			isa = XCConfigurationList;
			buildConfigurations = (
				841F6748230530FB0065A603 /* Debug */,
				841F6749230530FB0065A603 /* Release */,
			);
			defaultConfigurationIsVisible = 0;
			defaultConfigurationName = Release;
		};
/* End XCConfigurationList section */
	};
	rootObject = 841F66EA230530BD0065A603 /* Project object */;
}
